
Microsoft Visual Studio Solution File, Format Version 12.00
# Visual Studio Version 17
VisualStudioVersion = 17.7.34024.191
MinimumVisualStudioVersion = 10.0.40219.1
Project("{FAE04EC0-301F-11D3-BF4B-00C04F79EFBC}") = "5TTI_Solune_P_caisseAutomatique", "5TTI_Solune_P_caisseAutomatique.csproj", "{778FD2ED-C1D4-4678-8B2A-80BDCF868B49}"
EndProject
Global
	GlobalSection(SolutionConfigurationPlatforms) = preSolution
		Debug|Any CPU = Debug|Any CPU
		Release|Any CPU = Release|Any CPU
	EndGlobalSection
	GlobalSection(ProjectConfigurationPlatforms) = postSolution
		{778FD2ED-C1D4-4678-8B2A-80BDCF868B49}.Debug|Any CPU.ActiveCfg = Debug|Any CPU
		{778FD2ED-C1D4-4678-8B2A-80BDCF868B49}.Debug|Any CPU.Build.0 = Debug|Any CPU
		{778FD2ED-C1D4-4678-8B2A-80BDCF868B49}.Release|Any CPU.ActiveCfg = Release|Any CPU
		{778FD2ED-C1D4-4678-8B2A-80BDCF868B49}.Release|Any CPU.Build.0 = Release|Any CPU
	EndGlobalSection
	GlobalSection(SolutionProperties) = preSolution
		HideSolutionNode = FALSE
	EndGlobalSection
	GlobalSection(ExtensibilityGlobals) = postSolution
		SolutionGuid = {3136956E-8F4B-4DFF-894E-62FF6B799C59}
	EndGlobalSection
EndGlobal
