
Microsoft Visual Studio Solution File, Format Version 12.00
# Visual Studio Version 17
VisualStudioVersion = 17.8.34316.72
MinimumVisualStudioVersion = 10.0.40219.1
Project("{FAE04EC0-301F-11D3-BF4B-00C04F79EFBC}") = "5TTI_Solune_P_algoDeTris", "5TTI_Solune_P_algoDeTris.csproj", "{90359460-C98F-4FD0-9D4E-0F5429526CDC}"
EndProject
Global
	GlobalSection(SolutionConfigurationPlatforms) = preSolution
		Debug|Any CPU = Debug|Any CPU
		Release|Any CPU = Release|Any CPU
	EndGlobalSection
	GlobalSection(ProjectConfigurationPlatforms) = postSolution
		{90359460-C98F-4FD0-9D4E-0F5429526CDC}.Debug|Any CPU.ActiveCfg = Debug|Any CPU
		{90359460-C98F-4FD0-9D4E-0F5429526CDC}.Debug|Any CPU.Build.0 = Debug|Any CPU
		{90359460-C98F-4FD0-9D4E-0F5429526CDC}.Release|Any CPU.ActiveCfg = Release|Any CPU
		{90359460-C98F-4FD0-9D4E-0F5429526CDC}.Release|Any CPU.Build.0 = Release|Any CPU
	EndGlobalSection
	GlobalSection(SolutionProperties) = preSolution
		HideSolutionNode = FALSE
	EndGlobalSection
	GlobalSection(ExtensibilityGlobals) = postSolution
		SolutionGuid = {FFFC6D51-1579-4951-A89D-AB9856FBFAAD}
	EndGlobalSection
EndGlobal
