
Microsoft Visual Studio Solution File, Format Version 12.00
# Visual Studio Version 17
VisualStudioVersion = 17.7.34024.191
MinimumVisualStudioVersion = 10.0.40219.1
Project("{FAE04EC0-301F-11D3-BF4B-00C04F79EFBC}") = "detecteur_de_touches", "detecteur_de_touches.csproj", "{9A7D1508-8929-4A77-85E1-91F1F8D04A0A}"
EndProject
Global
	GlobalSection(SolutionConfigurationPlatforms) = preSolution
		Debug|Any CPU = Debug|Any CPU
		Release|Any CPU = Release|Any CPU
	EndGlobalSection
	GlobalSection(ProjectConfigurationPlatforms) = postSolution
		{9A7D1508-8929-4A77-85E1-91F1F8D04A0A}.Debug|Any CPU.ActiveCfg = Debug|Any CPU
		{9A7D1508-8929-4A77-85E1-91F1F8D04A0A}.Debug|Any CPU.Build.0 = Debug|Any CPU
		{9A7D1508-8929-4A77-85E1-91F1F8D04A0A}.Release|Any CPU.ActiveCfg = Release|Any CPU
		{9A7D1508-8929-4A77-85E1-91F1F8D04A0A}.Release|Any CPU.Build.0 = Release|Any CPU
	EndGlobalSection
	GlobalSection(SolutionProperties) = preSolution
		HideSolutionNode = FALSE
	EndGlobalSection
	GlobalSection(ExtensibilityGlobals) = postSolution
		SolutionGuid = {3CFA3C5F-D6A7-4F89-B416-DFDCBA451A9E}
	EndGlobalSection
EndGlobal
