
Microsoft Visual Studio Solution File, Format Version 12.00
# Visual Studio Version 17
VisualStudioVersion = 17.7.34024.191
MinimumVisualStudioVersion = 10.0.40219.1
Project("{FAE04EC0-301F-11D3-BF4B-00C04F79EFBC}") = "5TTI_Solune_P_Mathias_S_mastermind", "5TTI_Solune_P_Mathias_S_mastermind.csproj", "{5E562CE6-586E-4B7D-AFEA-2233BEFA747D}"
EndProject
Global
	GlobalSection(SolutionConfigurationPlatforms) = preSolution
		Debug|Any CPU = Debug|Any CPU
		Release|Any CPU = Release|Any CPU
	EndGlobalSection
	GlobalSection(ProjectConfigurationPlatforms) = postSolution
		{5E562CE6-586E-4B7D-AFEA-2233BEFA747D}.Debug|Any CPU.ActiveCfg = Debug|Any CPU
		{5E562CE6-586E-4B7D-AFEA-2233BEFA747D}.Debug|Any CPU.Build.0 = Debug|Any CPU
		{5E562CE6-586E-4B7D-AFEA-2233BEFA747D}.Release|Any CPU.ActiveCfg = Release|Any CPU
		{5E562CE6-586E-4B7D-AFEA-2233BEFA747D}.Release|Any CPU.Build.0 = Release|Any CPU
	EndGlobalSection
	GlobalSection(SolutionProperties) = preSolution
		HideSolutionNode = FALSE
	EndGlobalSection
	GlobalSection(ExtensibilityGlobals) = postSolution
		SolutionGuid = {4EA1C6E8-65A8-485A-B938-96A3444321C5}
	EndGlobalSection
EndGlobal
